
Microsoft Visual Studio Solution File, Format Version 12.00
# Visual Studio Version 17
VisualStudioVersion = 17.0.32112.339
MinimumVisualStudioVersion = 10.0.40219.1
Project("{9A19103F-16F7-4668-BE54-9A1E7A4F7556}") = "RafaelReyesSpindola", "RafaelReyesSpindola\RafaelReyesSpindola.csproj", "{3F50FA4B-81D5-4DC3-A311-282209D762BB}"
EndProject
Global
	GlobalSection(SolutionConfigurationPlatforms) = preSolution
		Debug|Any CPU = Debug|Any CPU
		Release|Any CPU = Release|Any CPU
	EndGlobalSection
	GlobalSection(ProjectConfigurationPlatforms) = postSolution
		{3F50FA4B-81D5-4DC3-A311-282209D762BB}.Debug|Any CPU.ActiveCfg = Debug|Any CPU
		{3F50FA4B-81D5-4DC3-A311-282209D762BB}.Debug|Any CPU.Build.0 = Debug|Any CPU
		{3F50FA4B-81D5-4DC3-A311-282209D762BB}.Release|Any CPU.ActiveCfg = Release|Any CPU
		{3F50FA4B-81D5-4DC3-A311-282209D762BB}.Release|Any CPU.Build.0 = Release|Any CPU
	EndGlobalSection
	GlobalSection(SolutionProperties) = preSolution
		HideSolutionNode = FALSE
	EndGlobalSection
	GlobalSection(ExtensibilityGlobals) = postSolution
		SolutionGuid = {49C5124E-4E8D-4155-A24A-6950D4110899}
	EndGlobalSection
EndGlobal
